GEM
  remote: https://rubygems.org/
  specs:
    rake (13.3.1)
    sqlite3 (2.9.0-aarch64-linux-gnu)
    sqlite3 (2.9.0-aarch64-linux-musl)
    sqlite3 (2.9.0-arm-linux-gnu)
    sqlite3 (2.9.0-arm-linux-musl)
    sqlite3 (2.9.0-arm64-darwin)
    sqlite3 (2.9.0-x86_64-darwin)
    sqlite3 (2.9.0-x86_64-linux-gnu)
    sqlite3 (2.9.0-x86_64-linux-musl)
    thruster (0.1.17)
    thruster (0.1.17-aarch64-linux)
    thruster (0.1.17-arm64-darwin)
    thruster (0.1.17-x86_64-darwin)
    thruster (0.1.17-x86_64-linux)

PLATFORMS
  ruby

DEPENDENCIES
  rake
  sqlite3
  thruster
